<?xml version="1.0" encoding="utf-8"?>
<Project ToolsVersion="4.0" xmlns="http://schemas.microsoft.com/developer/msbuild/2003">
  <ItemGroup>
    <ClCompile Include="Cheats\Misc\Movement.cpp" />
    <ClCompile Include="Cheats\Misc\radar.cpp" />
    <ClCompile Include="Cheats\Misc\UninjectHook.cpp" />
    <ClCompile Include="Cheats\Rage\Aimbot.cpp" />
    <ClCompile Include="Cheats\SkinChanger\SkinChanger.cpp" />
    <ClCompile Include="Cheats\Visuals\Chams.cpp" />
    <ClCompile Include="Cheats\Visuals\Visuals.cpp" />
    <ClCompile Include="Dependencies\CacheSystem\CacheSystem.cpp" />
    <ClCompile Include="Dependencies\CSGO\SDK\HookSDK.cpp" />
    <ClCompile Include="Dependencies\Hooks\Hooks.cpp" />
    <ClCompile Include="Dependencies\Kiero\kiero.cpp" />
    <ClCompile Include="Gui\Fonts\Fonts.cpp" />
    <ClCompile Include="Gui\Imgui\backends\imgui_impl_dx11.cpp" />
    <ClCompile Include="Gui\Imgui\backends\imgui_impl_dx9.cpp" />
    <ClCompile Include="Gui\Imgui\backends\imgui_impl_win32.cpp" />
    <ClCompile Include="Gui\Imgui\imgui.cpp" />
    <ClCompile Include="Gui\Imgui\imgui_draw.cpp" />
    <ClCompile Include="Gui\Imgui\imgui_tables.cpp" />
    <ClCompile Include="Gui\Imgui\imgui_widgets.cpp" />
    <ClCompile Include="Gui\Menu\AntiAim\AntiAim.cpp" />
    <ClCompile Include="Gui\Menu\Configs\ConfigsSetction.cpp" />
    <ClCompile Include="Gui\Menu\Data\GetData.cpp" />
    <ClCompile Include="Gui\Menu\Lua\LuasSection.cpp" />
    <ClCompile Include="Gui\Menu\Menu.cpp" />
    <ClCompile Include="Gui\Menu\Misc\MiscSection.cpp" />
    <ClCompile Include="Gui\Menu\Ragebot\RagebotSection.cpp" />
    <ClCompile Include="Gui\Menu\Skins\SkinsSection.cpp" />
    <ClCompile Include="Gui\Menu\Visuals\VisualsSection.cpp" />
    <ClCompile Include="main.cpp" />
    <ClCompile Include="Memory\Memory.cpp" />
    <ClCompile Include="Gui\Menu\RenderUtils.cpp" />
  </ItemGroup>
  <ItemGroup>
    <ClInclude Include="Cheats\Misc\Movement.h" />
    <ClInclude Include="Cheats\Misc\radar.h" />
    <ClInclude Include="Cheats\Misc\UninjectHook.h" />
    <ClInclude Include="Cheats\Rage\Aimbot.h" />
    <ClInclude Include="Cheats\SkinChanger\SkinChanger.h" />
    <ClInclude Include="Cheats\Visuals\Chams.h" />
    <ClInclude Include="Cheats\Visuals\Visuals.h" />
    <ClInclude Include="Dependencies\CacheSystem\CacheSystem.h" />
    <ClInclude Include="Dependencies\CSGO\SDK\HookSDK.h" />
    <ClInclude Include="Dependencies\CSGO\SDK\IVModelRender.h" />
    <ClInclude Include="Dependencies\Hooks\Hooks.h" />
    <ClInclude Include="Dependencies\Kiero\kiero.h" />
    <ClInclude Include="Dependencies\MinHook\MinHook.h" />
    <ClInclude Include="Gui\Fonts\Fonts.h" />
    <ClInclude Include="Gui\Imgui\backends\imgui_impl_dx9.h" />
    <ClInclude Include="Gui\Imgui\imconfig.h" />
    <ClInclude Include="Gui\Imgui\backends\imgui_impl_dx11.h" />
    <ClInclude Include="Gui\Imgui\backends\imgui_impl_win32.h" />
    <ClInclude Include="Gui\Imgui\imgui.h" />
    <ClInclude Include="Gui\Imgui\ImGuiHelpers.h" />
    <ClInclude Include="Gui\Imgui\imgui_internal.h" />
    <ClInclude Include="Gui\Fonts\IconsFontAwesome.h" />
    <ClInclude Include="Gui\Menu\AntiAim\AntiAim.h" />
    <ClInclude Include="Gui\Menu\Configs\ConfigsSection.h" />
    <ClInclude Include="Gui\Menu\Data\GetData.h" />
    <ClInclude Include="Gui\Menu\Lua\LuasSection.h" />
    <ClInclude Include="Gui\Menu\Menu.h" />
    <ClInclude Include="Gui\Menu\Misc\MiscSection.h" />
    <ClInclude Include="Gui\Menu\Ragebot\RagebotSection.h" />
    <ClInclude Include="Gui\Menu\Skins\SkinsSection.h" />
    <ClInclude Include="Gui\Menu\StyleColors.h" />
    <ClInclude Include="Gui\Menu\Visuals\VisualsSection.h" />
    <ClInclude Include="Memory\Memory.h" />
    <ClInclude Include="Memory\Offsets.h" />
    <ClInclude Include="Dependencies\Patches\Patches.h" />
    <ClInclude Include="Gui\Menu\RenderUtils.h" />
  </ItemGroup>
  <ItemGroup>
    <Library Include="Dependencies\MinHook\MinHook.x86.lib" />
  </ItemGroup>
</Project>